
Microsoft Visual Studio Solution File, Format Version 12.00
# Visual Studio 15
VisualStudioVersion = 15.0.28010.2046
MinimumVisualStudioVersion = 10.0.40219.1
Project("{9A19103F-16F7-4668-BE54-9A1E7A4F7556}") = "Upload", "Upload\Upload.csproj", "{C7309344-B703-4C2B-B949-AF1A20D4FF8F}"
EndProject
Project("{9A19103F-16F7-4668-BE54-9A1E7A4F7556}") = "Download", "Download\Download.csproj", "{FF885C72-9F02-4F50-9F6C-3DD30B236073}"
EndProject
Project("{FAE04EC0-301F-11D3-BF4B-00C04F79EFBC}") = "Common", "Common\Common.csproj", "{0C905BE3-CBF9-4DD4-B408-37C67C72D00E}"
EndProject
Global
	GlobalSection(SolutionConfigurationPlatforms) = preSolution
		Debug|Any CPU = Debug|Any CPU
		Release|Any CPU = Release|Any CPU
	EndGlobalSection
	GlobalSection(ProjectConfigurationPlatforms) = postSolution
		{C7309344-B703-4C2B-B949-AF1A20D4FF8F}.Debug|Any CPU.ActiveCfg = Debug|Any CPU
		{C7309344-B703-4C2B-B949-AF1A20D4FF8F}.Debug|Any CPU.Build.0 = Debug|Any CPU
		{C7309344-B703-4C2B-B949-AF1A20D4FF8F}.Release|Any CPU.ActiveCfg = Release|Any CPU
		{C7309344-B703-4C2B-B949-AF1A20D4FF8F}.Release|Any CPU.Build.0 = Release|Any CPU
		{FF885C72-9F02-4F50-9F6C-3DD30B236073}.Debug|Any CPU.ActiveCfg = Debug|Any CPU
		{FF885C72-9F02-4F50-9F6C-3DD30B236073}.Debug|Any CPU.Build.0 = Debug|Any CPU
		{FF885C72-9F02-4F50-9F6C-3DD30B236073}.Release|Any CPU.ActiveCfg = Release|Any CPU
		{FF885C72-9F02-4F50-9F6C-3DD30B236073}.Release|Any CPU.Build.0 = Release|Any CPU
		{0C905BE3-CBF9-4DD4-B408-37C67C72D00E}.Debug|Any CPU.ActiveCfg = Debug|Any CPU
		{0C905BE3-CBF9-4DD4-B408-37C67C72D00E}.Debug|Any CPU.Build.0 = Debug|Any CPU
		{0C905BE3-CBF9-4DD4-B408-37C67C72D00E}.Release|Any CPU.ActiveCfg = Release|Any CPU
		{0C905BE3-CBF9-4DD4-B408-37C67C72D00E}.Release|Any CPU.Build.0 = Release|Any CPU
	EndGlobalSection
	GlobalSection(SolutionProperties) = preSolution
		HideSolutionNode = FALSE
	EndGlobalSection
	GlobalSection(ExtensibilityGlobals) = postSolution
		SolutionGuid = {9998B9B1-CA4A-422F-A10C-B7FE1CA91285}
	EndGlobalSection
EndGlobal
